
Microsoft Visual Studio Solution File, Format Version 12.00
# Visual Studio Version 17
VisualStudioVersion = 17.8.34330.188
MinimumVisualStudioVersion = 10.0.40219.1
Project("{9A19103F-16F7-4668-BE54-9A1E7A4F7556}") = "deneme", "..\..\..\source\repos\HTB-Visual\deneme.csproj", "{7E1D7482-8607-4E4A-B968-85A39F1275B3}"
EndProject
Global
	GlobalSection(SolutionConfigurationPlatforms) = preSolution
		Debug|Any CPU = Debug|Any CPU
		Release|Any CPU = Release|Any CPU
	EndGlobalSection
	GlobalSection(ProjectConfigurationPlatforms) = postSolution
		{7E1D7482-8607-4E4A-B968-85A39F1275B3}.Debug|Any CPU.ActiveCfg = Debug|Any CPU
		{7E1D7482-8607-4E4A-B968-85A39F1275B3}.Debug|Any CPU.Build.0 = Debug|Any CPU
		{7E1D7482-8607-4E4A-B968-85A39F1275B3}.Release|Any CPU.ActiveCfg = Release|Any CPU
		{7E1D7482-8607-4E4A-B968-85A39F1275B3}.Release|Any CPU.Build.0 = Release|Any CPU
	EndGlobalSection
	GlobalSection(SolutionProperties) = preSolution
		HideSolutionNode = FALSE
	EndGlobalSection
	GlobalSection(ExtensibilityGlobals) = postSolution
		SolutionGuid = {9E4747FE-F004-494C-A73B-86B6A7C84ADF}
	EndGlobalSection
EndGlobal
